{
  "originHash" : "847f5ae7625c2176e1dafc9ffd22e64e720213f7a0c426fe80abe6e6c43b3890",
  "pins" : [
    {
      "identity" : "appdbsdk",
      "kind" : "remoteSourceControl",
      "location" : "https://gitlab.bfsc.to/davecool/appdbsdk",
      "state" : {
        "revision" : "49d9f13fc999821779dbe1d4d5d5078c76cebbde",
        "version" : "1.3.0"
      }
    }
  ],
  "version" : 3
}
