{
  "originHash" : "e8eb8ab916e22ac6be2f5ae6d9b55f94df4353a42f50f45b1b1c7be3af68f868",
  "pins" : [
    {
      "identity" : "appdbsdk",
      "kind" : "remoteSourceControl",
      "location" : "https://github.com/appdb-official/AppdbSDK",
      "state" : {
        "revision" : "e0501b5b97df0f2ceba3104e091e28dbf5275e52",
        "version" : "1.4.0"
      }
    }
  ],
  "version" : 3
}
