// !$*UTF8*$!
{
	archiveVersion = 1;
	classes = {
	};
	objectVersion = 60;
	objects = {

/* Begin PBXBuildFile section */
		1C107EE72BCF1E3000BBCA86 /* KeychainService.swift in Sources */ = {isa = PBXBuildFile; fileRef = 1C107EE62BCF1E3000BBCA86 /* KeychainService.swift */; };
		1C303A2C2BDFB4220078FEBA /* SecuredValueStorageRepository.swift in Sources */ = {isa = PBXBuildFile; fileRef = 1C303A2B2BDFB4220078FEBA /* SecuredValueStorageRepository.swift */; };
		1C492B232BD990EC0062E5A4 /* Settings.bundle in Resources */ = {isa = PBXBuildFile; fileRef = 1C492B222BD990EC0062E5A4 /* Settings.bundle */; };
		1C9376A12BE94FEB0078D530 /* AppDelegate.swift in Sources */ = {isa = PBXBuildFile; fileRef = 1C9376A02BE94FEB0078D530 /* AppDelegate.swift */; };
		1C9376A32BE94FEB0078D530 /* ViewController.swift in Sources */ = {isa = PBXBuildFile; fileRef = 1C9376A22BE94FEB0078D530 /* ViewController.swift */; };
		1C9376A62BE94FEB0078D530 /* Base in Resources */ = {isa = PBXBuildFile; fileRef = 1C9376A52BE94FEB0078D530 /* Base */; };
		1C9376A82BE94FEC0078D530 /* Assets.xcassets in Resources */ = {isa = PBXBuildFile; fileRef = 1C9376A72BE94FEC0078D530 /* Assets.xcassets */; };
		1C9376AB2BE94FEC0078D530 /* Base in Resources */ = {isa = PBXBuildFile; fileRef = 1C9376AA2BE94FEC0078D530 /* Base */; };
		1C9376B52BE94FEC0078D530 /* TestAppdb_TVTests.swift in Sources */ = {isa = PBXBuildFile; fileRef = 1C9376B42BE94FEC0078D530 /* TestAppdb_TVTests.swift */; };
		1C9376BF2BE94FEC0078D530 /* TestAppdb_TVUITests.swift in Sources */ = {isa = PBXBuildFile; fileRef = 1C9376BE2BE94FEC0078D530 /* TestAppdb_TVUITests.swift */; };
		1C9376C12BE94FEC0078D530 /* TestAppdb_TVUITestsLaunchTests.swift in Sources */ = {isa = PBXBuildFile; fileRef = 1C9376C02BE94FEC0078D530 /* TestAppdb_TVUITestsLaunchTests.swift */; };
		1CCA293A2BA8E84F00C9F06A /* AppDelegate.swift in Sources */ = {isa = PBXBuildFile; fileRef = 1CCA29392BA8E84F00C9F06A /* AppDelegate.swift */; };
		1CCA293C2BA8E84F00C9F06A /* SceneDelegate.swift in Sources */ = {isa = PBXBuildFile; fileRef = 1CCA293B2BA8E84F00C9F06A /* SceneDelegate.swift */; };
		1CCA293E2BA8E84F00C9F06A /* ViewController.swift in Sources */ = {isa = PBXBuildFile; fileRef = 1CCA293D2BA8E84F00C9F06A /* ViewController.swift */; };
		1CCA29412BA8E84F00C9F06A /* Base in Resources */ = {isa = PBXBuildFile; fileRef = 1CCA29402BA8E84F00C9F06A /* Base */; };
		1CCA29432BA8E85000C9F06A /* Assets.xcassets in Resources */ = {isa = PBXBuildFile; fileRef = 1CCA29422BA8E85000C9F06A /* Assets.xcassets */; };
		1CCA29462BA8E85000C9F06A /* Base in Resources */ = {isa = PBXBuildFile; fileRef = 1CCA29452BA8E85000C9F06A /* Base */; };
		1CCA29512BA8E85000C9F06A /* TestAppdbTests.swift in Sources */ = {isa = PBXBuildFile; fileRef = 1CCA29502BA8E85000C9F06A /* TestAppdbTests.swift */; };
		1CCA295B2BA8E85000C9F06A /* TestAppdbUITests.swift in Sources */ = {isa = PBXBuildFile; fileRef = 1CCA295A2BA8E85000C9F06A /* TestAppdbUITests.swift */; };
		1CCA295D2BA8E85000C9F06A /* TestAppdbUITestsLaunchTests.swift in Sources */ = {isa = PBXBuildFile; fileRef = 1CCA295C2BA8E85000C9F06A /* TestAppdbUITestsLaunchTests.swift */; };
		1CF338C72BE42B4A00EB1C39 /* AppdbFramework in Frameworks */ = {isa = PBXBuildFile; productRef = 1CF338C62BE42B4A00EB1C39 /* AppdbFramework */; };
		88803C602BEB5434000870C3 /* AppdbFramework in Frameworks */ = {isa = PBXBuildFile; productRef = 88803C5F2BEB5434000870C3 /* AppdbFramework */; };
		88803C632BEB5453000870C3 /* AppdbFramework in Frameworks */ = {isa = PBXBuildFile; productRef = 88803C622BEB5453000870C3 /* AppdbFramework */; };
		88803C652BEB5462000870C3 /* AppdbFramework in Frameworks */ = {isa = PBXBuildFile; productRef = 88803C642BEB5462000870C3 /* AppdbFramework */; };
/* End PBXBuildFile section */

/* Begin PBXContainerItemProxy section */
		1C9376B12BE94FEC0078D530 /* PBXContainerItemProxy */ = {
			isa = PBXContainerItemProxy;
			containerPortal = 1CCA292E2BA8E84F00C9F06A /* Project object */;
			proxyType = 1;
			remoteGlobalIDString = 1C93769D2BE94FEB0078D530;
			remoteInfo = "TestAppdb-TV";
		};
		1C9376BB2BE94FEC0078D530 /* PBXContainerItemProxy */ = {
			isa = PBXContainerItemProxy;
			containerPortal = 1CCA292E2BA8E84F00C9F06A /* Project object */;
			proxyType = 1;
			remoteGlobalIDString = 1C93769D2BE94FEB0078D530;
			remoteInfo = "TestAppdb-TV";
		};
		1CCA294D2BA8E85000C9F06A /* PBXContainerItemProxy */ = {
			isa = PBXContainerItemProxy;
			containerPortal = 1CCA292E2BA8E84F00C9F06A /* Project object */;
			proxyType = 1;
			remoteGlobalIDString = 1CCA29352BA8E84F00C9F06A;
			remoteInfo = TestAppdb;
		};
		1CCA29572BA8E85000C9F06A /* PBXContainerItemProxy */ = {
			isa = PBXContainerItemProxy;
			containerPortal = 1CCA292E2BA8E84F00C9F06A /* Project object */;
			proxyType = 1;
			remoteGlobalIDString = 1CCA29352BA8E84F00C9F06A;
			remoteInfo = TestAppdb;
		};
/* End PBXContainerItemProxy section */

/* Begin PBXFileReference section */
		1C107EE62BCF1E3000BBCA86 /* KeychainService.swift */ = {isa = PBXFileReference; fileEncoding = 4; lastKnownFileType = sourcecode.swift; path = KeychainService.swift; sourceTree = "<group>"; };
		1C303A2B2BDFB4220078FEBA /* SecuredValueStorageRepository.swift */ = {isa = PBXFileReference; lastKnownFileType = sourcecode.swift; path = SecuredValueStorageRepository.swift; sourceTree = "<group>"; };
		1C492B222BD990EC0062E5A4 /* Settings.bundle */ = {isa = PBXFileReference; lastKnownFileType = "wrapper.plug-in"; path = Settings.bundle; sourceTree = "<group>"; };
		1C5576E22BBB1407008418DD /* TestAppdb_Dev.entitlements */ = {isa = PBXFileReference; lastKnownFileType = text.plist.entitlements; path = TestAppdb_Dev.entitlements; sourceTree = "<group>"; };
		1C5576E32BBB1428008418DD /* TestAppdb_Prod.entitlements */ = {isa = PBXFileReference; lastKnownFileType = text.plist.entitlements; path = TestAppdb_Prod.entitlements; sourceTree = "<group>"; };
		1C93769E2BE94FEB0078D530 /* TestAppdb-TV.app */ = {isa = PBXFileReference; explicitFileType = wrapper.application; includeInIndex = 0; path = "TestAppdb-TV.app"; sourceTree = BUILT_PRODUCTS_DIR; };
		1C9376A02BE94FEB0078D530 /* AppDelegate.swift */ = {isa = PBXFileReference; lastKnownFileType = sourcecode.swift; path = AppDelegate.swift; sourceTree = "<group>"; };
		1C9376A22BE94FEB0078D530 /* ViewController.swift */ = {isa = PBXFileReference; lastKnownFileType = sourcecode.swift; path = ViewController.swift; sourceTree = "<group>"; };
		1C9376A52BE94FEB0078D530 /* Base */ = {isa = PBXFileReference; lastKnownFileType = file.storyboard; name = Base; path = Base.lproj/Main.storyboard; sourceTree = "<group>"; };
		1C9376A72BE94FEC0078D530 /* Assets.xcassets */ = {isa = PBXFileReference; lastKnownFileType = folder.assetcatalog; path = Assets.xcassets; sourceTree = "<group>"; };
		1C9376AA2BE94FEC0078D530 /* Base */ = {isa = PBXFileReference; lastKnownFileType = file.storyboard; name = Base; path = Base.lproj/LaunchScreen.storyboard; sourceTree = "<group>"; };
		1C9376B02BE94FEC0078D530 /* TestAppdb-TVTests.xctest */ = {isa = PBXFileReference; explicitFileType = wrapper.cfbundle; includeInIndex = 0; path = "TestAppdb-TVTests.xctest"; sourceTree = BUILT_PRODUCTS_DIR; };
		1C9376B42BE94FEC0078D530 /* TestAppdb_TVTests.swift */ = {isa = PBXFileReference; lastKnownFileType = sourcecode.swift; path = TestAppdb_TVTests.swift; sourceTree = "<group>"; };
		1C9376BA2BE94FEC0078D530 /* TestAppdb-TVUITests.xctest */ = {isa = PBXFileReference; explicitFileType = wrapper.cfbundle; includeInIndex = 0; path = "TestAppdb-TVUITests.xctest"; sourceTree = BUILT_PRODUCTS_DIR; };
		1C9376BE2BE94FEC0078D530 /* TestAppdb_TVUITests.swift */ = {isa = PBXFileReference; lastKnownFileType = sourcecode.swift; path = TestAppdb_TVUITests.swift; sourceTree = "<group>"; };
		1C9376C02BE94FEC0078D530 /* TestAppdb_TVUITestsLaunchTests.swift */ = {isa = PBXFileReference; lastKnownFileType = sourcecode.swift; path = TestAppdb_TVUITestsLaunchTests.swift; sourceTree = "<group>"; };
		1CCA29362BA8E84F00C9F06A /* TestAppdb.app */ = {isa = PBXFileReference; explicitFileType = wrapper.application; includeInIndex = 0; path = TestAppdb.app; sourceTree = BUILT_PRODUCTS_DIR; };
		1CCA29392BA8E84F00C9F06A /* AppDelegate.swift */ = {isa = PBXFileReference; lastKnownFileType = sourcecode.swift; path = AppDelegate.swift; sourceTree = "<group>"; };
		1CCA293B2BA8E84F00C9F06A /* SceneDelegate.swift */ = {isa = PBXFileReference; lastKnownFileType = sourcecode.swift; path = SceneDelegate.swift; sourceTree = "<group>"; };
		1CCA293D2BA8E84F00C9F06A /* ViewController.swift */ = {isa = PBXFileReference; lastKnownFileType = sourcecode.swift; path = ViewController.swift; sourceTree = "<group>"; };
		1CCA29402BA8E84F00C9F06A /* Base */ = {isa = PBXFileReference; lastKnownFileType = file.storyboard; name = Base; path = Base.lproj/Main.storyboard; sourceTree = "<group>"; };
		1CCA29422BA8E85000C9F06A /* Assets.xcassets */ = {isa = PBXFileReference; lastKnownFileType = folder.assetcatalog; path = Assets.xcassets; sourceTree = "<group>"; };
		1CCA29452BA8E85000C9F06A /* Base */ = {isa = PBXFileReference; lastKnownFileType = file.storyboard; name = Base; path = Base.lproj/LaunchScreen.storyboard; sourceTree = "<group>"; };
		1CCA29472BA8E85000C9F06A /* Info.plist */ = {isa = PBXFileReference; lastKnownFileType = text.plist.xml; path = Info.plist; sourceTree = "<group>"; };
		1CCA294C2BA8E85000C9F06A /* TestAppdbTests.xctest */ = {isa = PBXFileReference; explicitFileType = wrapper.cfbundle; includeInIndex = 0; path = TestAppdbTests.xctest; sourceTree = BUILT_PRODUCTS_DIR; };
		1CCA29502BA8E85000C9F06A /* TestAppdbTests.swift */ = {isa = PBXFileReference; lastKnownFileType = sourcecode.swift; path = TestAppdbTests.swift; sourceTree = "<group>"; };
		1CCA29562BA8E85000C9F06A /* TestAppdbUITests.xctest */ = {isa = PBXFileReference; explicitFileType = wrapper.cfbundle; includeInIndex = 0; path = TestAppdbUITests.xctest; sourceTree = BUILT_PRODUCTS_DIR; };
		1CCA295A2BA8E85000C9F06A /* TestAppdbUITests.swift */ = {isa = PBXFileReference; lastKnownFileType = sourcecode.swift; path = TestAppdbUITests.swift; sourceTree = "<group>"; };
		1CCA295C2BA8E85000C9F06A /* TestAppdbUITestsLaunchTests.swift */ = {isa = PBXFileReference; lastKnownFileType = sourcecode.swift; path = TestAppdbUITestsLaunchTests.swift; sourceTree = "<group>"; };
/* End PBXFileReference section */

/* Begin PBXFrameworksBuildPhase section */
		1C93769B2BE94FEB0078D530 /* Frameworks */ = {
			isa = PBXFrameworksBuildPhase;
			buildActionMask = 2147483647;
			files = (
				88803C652BEB5462000870C3 /* AppdbFramework in Frameworks */,
			);
			runOnlyForDeploymentPostprocessing = 0;
		};
		1C9376AD2BE94FEC0078D530 /* Frameworks */ = {
			isa = PBXFrameworksBuildPhase;
			buildActionMask = 2147483647;
			files = (
			);
			runOnlyForDeploymentPostprocessing = 0;
		};
		1C9376B72BE94FEC0078D530 /* Frameworks */ = {
			isa = PBXFrameworksBuildPhase;
			buildActionMask = 2147483647;
			files = (
			);
			runOnlyForDeploymentPostprocessing = 0;
		};
		1CCA29332BA8E84F00C9F06A /* Frameworks */ = {
			isa = PBXFrameworksBuildPhase;
			buildActionMask = 2147483647;
			files = (
				88803C632BEB5453000870C3 /* AppdbFramework in Frameworks */,
				1CF338C72BE42B4A00EB1C39 /* AppdbFramework in Frameworks */,
				88803C602BEB5434000870C3 /* AppdbFramework in Frameworks */,
			);
			runOnlyForDeploymentPostprocessing = 0;
		};
		1CCA29492BA8E85000C9F06A /* Frameworks */ = {
			isa = PBXFrameworksBuildPhase;
			buildActionMask = 2147483647;
			files = (
			);
			runOnlyForDeploymentPostprocessing = 0;
		};
		1CCA29532BA8E85000C9F06A /* Frameworks */ = {
			isa = PBXFrameworksBuildPhase;
			buildActionMask = 2147483647;
			files = (
			);
			runOnlyForDeploymentPostprocessing = 0;
		};
/* End PBXFrameworksBuildPhase section */

/* Begin PBXGroup section */
		1C0F82712BEAAF63002F31C2 /* Frameworks */ = {
			isa = PBXGroup;
			children = (
			);
			name = Frameworks;
			sourceTree = "<group>";
		};
		1C107EEA2BCF1E8D00BBCA86 /* App */ = {
			isa = PBXGroup;
			children = (
				1CCA29392BA8E84F00C9F06A /* AppDelegate.swift */,
				1CCA293B2BA8E84F00C9F06A /* SceneDelegate.swift */,
			);
			path = App;
			sourceTree = "<group>";
		};
		1C107EEB2BCF1E9700BBCA86 /* Services */ = {
			isa = PBXGroup;
			children = (
				1C303A2B2BDFB4220078FEBA /* SecuredValueStorageRepository.swift */,
				1C107EE62BCF1E3000BBCA86 /* KeychainService.swift */,
			);
			path = Services;
			sourceTree = "<group>";
		};
		1C107EEC2BCF1EA700BBCA86 /* Views */ = {
			isa = PBXGroup;
			children = (
				1CCA293D2BA8E84F00C9F06A /* ViewController.swift */,
				1CCA293F2BA8E84F00C9F06A /* Main.storyboard */,
			);
			path = Views;
			sourceTree = "<group>";
		};
		1C93769F2BE94FEB0078D530 /* TestAppdb-TV */ = {
			isa = PBXGroup;
			children = (
				1C9376A02BE94FEB0078D530 /* AppDelegate.swift */,
				1C9376A22BE94FEB0078D530 /* ViewController.swift */,
				1C9376A42BE94FEB0078D530 /* Main.storyboard */,
				1C9376A72BE94FEC0078D530 /* Assets.xcassets */,
				1C9376A92BE94FEC0078D530 /* LaunchScreen.storyboard */,
			);
			path = "TestAppdb-TV";
			sourceTree = "<group>";
		};
		1C9376B32BE94FEC0078D530 /* TestAppdb-TVTests */ = {
			isa = PBXGroup;
			children = (
				1C9376B42BE94FEC0078D530 /* TestAppdb_TVTests.swift */,
			);
			path = "TestAppdb-TVTests";
			sourceTree = "<group>";
		};
		1C9376BD2BE94FEC0078D530 /* TestAppdb-TVUITests */ = {
			isa = PBXGroup;
			children = (
				1C9376BE2BE94FEC0078D530 /* TestAppdb_TVUITests.swift */,
				1C9376C02BE94FEC0078D530 /* TestAppdb_TVUITestsLaunchTests.swift */,
			);
			path = "TestAppdb-TVUITests";
			sourceTree = "<group>";
		};
		1CCA292D2BA8E84F00C9F06A = {
			isa = PBXGroup;
			children = (
				1CCA29382BA8E84F00C9F06A /* TestAppdb */,
				1CCA294F2BA8E85000C9F06A /* TestAppdbTests */,
				1CCA29592BA8E85000C9F06A /* TestAppdbUITests */,
				1C93769F2BE94FEB0078D530 /* TestAppdb-TV */,
				1C9376B32BE94FEC0078D530 /* TestAppdb-TVTests */,
				1C9376BD2BE94FEC0078D530 /* TestAppdb-TVUITests */,
				1CCA29372BA8E84F00C9F06A /* Products */,
				1C0F82712BEAAF63002F31C2 /* Frameworks */,
			);
			sourceTree = "<group>";
		};
		1CCA29372BA8E84F00C9F06A /* Products */ = {
			isa = PBXGroup;
			children = (
				1CCA29362BA8E84F00C9F06A /* TestAppdb.app */,
				1CCA294C2BA8E85000C9F06A /* TestAppdbTests.xctest */,
				1CCA29562BA8E85000C9F06A /* TestAppdbUITests.xctest */,
				1C93769E2BE94FEB0078D530 /* TestAppdb-TV.app */,
				1C9376B02BE94FEC0078D530 /* TestAppdb-TVTests.xctest */,
				1C9376BA2BE94FEC0078D530 /* TestAppdb-TVUITests.xctest */,
			);
			name = Products;
			sourceTree = "<group>";
		};
		1CCA29382BA8E84F00C9F06A /* TestAppdb */ = {
			isa = PBXGroup;
			children = (
				1C107EEC2BCF1EA700BBCA86 /* Views */,
				1C107EEB2BCF1E9700BBCA86 /* Services */,
				1C107EEA2BCF1E8D00BBCA86 /* App */,
				1C5576E22BBB1407008418DD /* TestAppdb_Dev.entitlements */,
				1C5576E32BBB1428008418DD /* TestAppdb_Prod.entitlements */,
				1CCA29422BA8E85000C9F06A /* Assets.xcassets */,
				1CCA29442BA8E85000C9F06A /* LaunchScreen.storyboard */,
				1CCA29472BA8E85000C9F06A /* Info.plist */,
				1C492B222BD990EC0062E5A4 /* Settings.bundle */,
			);
			path = TestAppdb;
			sourceTree = "<group>";
		};
		1CCA294F2BA8E85000C9F06A /* TestAppdbTests */ = {
			isa = PBXGroup;
			children = (
				1CCA29502BA8E85000C9F06A /* TestAppdbTests.swift */,
			);
			path = TestAppdbTests;
			sourceTree = "<group>";
		};
		1CCA29592BA8E85000C9F06A /* TestAppdbUITests */ = {
			isa = PBXGroup;
			children = (
				1CCA295A2BA8E85000C9F06A /* TestAppdbUITests.swift */,
				1CCA295C2BA8E85000C9F06A /* TestAppdbUITestsLaunchTests.swift */,
			);
			path = TestAppdbUITests;
			sourceTree = "<group>";
		};
/* End PBXGroup section */

/* Begin PBXNativeTarget section */
		1C93769D2BE94FEB0078D530 /* TestAppdb-TV */ = {
			isa = PBXNativeTarget;
			buildConfigurationList = 1C9376C82BE94FEC0078D530 /* Build configuration list for PBXNativeTarget "TestAppdb-TV" */;
			buildPhases = (
				1C93769A2BE94FEB0078D530 /* Sources */,
				1C93769B2BE94FEB0078D530 /* Frameworks */,
				1C93769C2BE94FEB0078D530 /* Resources */,
			);
			buildRules = (
			);
			dependencies = (
			);
			name = "TestAppdb-TV";
			packageProductDependencies = (
				88803C642BEB5462000870C3 /* AppdbFramework */,
			);
			productName = "TestAppdb-TV";
			productReference = 1C93769E2BE94FEB0078D530 /* TestAppdb-TV.app */;
			productType = "com.apple.product-type.application";
		};
		1C9376AF2BE94FEC0078D530 /* TestAppdb-TVTests */ = {
			isa = PBXNativeTarget;
			buildConfigurationList = 1C9376C92BE94FEC0078D530 /* Build configuration list for PBXNativeTarget "TestAppdb-TVTests" */;
			buildPhases = (
				1C9376AC2BE94FEC0078D530 /* Sources */,
				1C9376AD2BE94FEC0078D530 /* Frameworks */,
				1C9376AE2BE94FEC0078D530 /* Resources */,
			);
			buildRules = (
			);
			dependencies = (
				1C9376B22BE94FEC0078D530 /* PBXTargetDependency */,
			);
			name = "TestAppdb-TVTests";
			productName = "TestAppdb-TVTests";
			productReference = 1C9376B02BE94FEC0078D530 /* TestAppdb-TVTests.xctest */;
			productType = "com.apple.product-type.bundle.unit-test";
		};
		1C9376B92BE94FEC0078D530 /* TestAppdb-TVUITests */ = {
			isa = PBXNativeTarget;
			buildConfigurationList = 1C9376CA2BE94FEC0078D530 /* Build configuration list for PBXNativeTarget "TestAppdb-TVUITests" */;
			buildPhases = (
				1C9376B62BE94FEC0078D530 /* Sources */,
				1C9376B72BE94FEC0078D530 /* Frameworks */,
				1C9376B82BE94FEC0078D530 /* Resources */,
			);
			buildRules = (
			);
			dependencies = (
				1C9376BC2BE94FEC0078D530 /* PBXTargetDependency */,
			);
			name = "TestAppdb-TVUITests";
			productName = "TestAppdb-TVUITests";
			productReference = 1C9376BA2BE94FEC0078D530 /* TestAppdb-TVUITests.xctest */;
			productType = "com.apple.product-type.bundle.ui-testing";
		};
		1CCA29352BA8E84F00C9F06A /* TestAppdb */ = {
			isa = PBXNativeTarget;
			buildConfigurationList = 1CCA29602BA8E85000C9F06A /* Build configuration list for PBXNativeTarget "TestAppdb" */;
			buildPhases = (
				1CCA29322BA8E84F00C9F06A /* Sources */,
				1CCA29332BA8E84F00C9F06A /* Frameworks */,
				1CCA29342BA8E84F00C9F06A /* Resources */,
			);
			buildRules = (
			);
			dependencies = (
			);
			name = TestAppdb;
			packageProductDependencies = (
				1CF338C62BE42B4A00EB1C39 /* AppdbFramework */,
				88803C5F2BEB5434000870C3 /* AppdbFramework */,
				88803C622BEB5453000870C3 /* AppdbFramework */,
			);
			productName = TestAppdb;
			productReference = 1CCA29362BA8E84F00C9F06A /* TestAppdb.app */;
			productType = "com.apple.product-type.application";
		};
		1CCA294B2BA8E85000C9F06A /* TestAppdbTests */ = {
			isa = PBXNativeTarget;
			buildConfigurationList = 1CCA29632BA8E85000C9F06A /* Build configuration list for PBXNativeTarget "TestAppdbTests" */;
			buildPhases = (
				1CCA29482BA8E85000C9F06A /* Sources */,
				1CCA29492BA8E85000C9F06A /* Frameworks */,
				1CCA294A2BA8E85000C9F06A /* Resources */,
			);
			buildRules = (
			);
			dependencies = (
				1CCA294E2BA8E85000C9F06A /* PBXTargetDependency */,
			);
			name = TestAppdbTests;
			productName = TestAppdbTests;
			productReference = 1CCA294C2BA8E85000C9F06A /* TestAppdbTests.xctest */;
			productType = "com.apple.product-type.bundle.unit-test";
		};
		1CCA29552BA8E85000C9F06A /* TestAppdbUITests */ = {
			isa = PBXNativeTarget;
			buildConfigurationList = 1CCA29662BA8E85000C9F06A /* Build configuration list for PBXNativeTarget "TestAppdbUITests" */;
			buildPhases = (
				1CCA29522BA8E85000C9F06A /* Sources */,
				1CCA29532BA8E85000C9F06A /* Frameworks */,
				1CCA29542BA8E85000C9F06A /* Resources */,
			);
			buildRules = (
			);
			dependencies = (
				1CCA29582BA8E85000C9F06A /* PBXTargetDependency */,
			);
			name = TestAppdbUITests;
			productName = TestAppdbUITests;
			productReference = 1CCA29562BA8E85000C9F06A /* TestAppdbUITests.xctest */;
			productType = "com.apple.product-type.bundle.ui-testing";
		};
/* End PBXNativeTarget section */

/* Begin PBXProject section */
		1CCA292E2BA8E84F00C9F06A /* Project object */ = {
			isa = PBXProject;
			attributes = {
				BuildIndependentTargetsInParallel = 1;
				LastSwiftUpdateCheck = 1530;
				LastUpgradeCheck = 1530;
				TargetAttributes = {
					1C93769D2BE94FEB0078D530 = {
						CreatedOnToolsVersion = 15.3;
					};
					1C9376AF2BE94FEC0078D530 = {
						CreatedOnToolsVersion = 15.3;
						TestTargetID = 1C93769D2BE94FEB0078D530;
					};
					1C9376B92BE94FEC0078D530 = {
						CreatedOnToolsVersion = 15.3;
						TestTargetID = 1C93769D2BE94FEB0078D530;
					};
					1CCA29352BA8E84F00C9F06A = {
						CreatedOnToolsVersion = 15.3;
					};
					1CCA294B2BA8E85000C9F06A = {
						CreatedOnToolsVersion = 15.3;
						TestTargetID = 1CCA29352BA8E84F00C9F06A;
					};
					1CCA29552BA8E85000C9F06A = {
						CreatedOnToolsVersion = 15.3;
						TestTargetID = 1CCA29352BA8E84F00C9F06A;
					};
				};
			};
			buildConfigurationList = 1CCA29312BA8E84F00C9F06A /* Build configuration list for PBXProject "TestAppdb" */;
			compatibilityVersion = "Xcode 15.0";
			developmentRegion = en;
			hasScannedForEncodings = 0;
			knownRegions = (
				en,
				Base,
			);
			mainGroup = 1CCA292D2BA8E84F00C9F06A;
			packageReferences = (
				88803C612BEB5453000870C3 /* XCRemoteSwiftPackageReference "AppdbSDK" */,
			);
			productRefGroup = 1CCA29372BA8E84F00C9F06A /* Products */;
			projectDirPath = "";
			projectRoot = "";
			targets = (
				1CCA29352BA8E84F00C9F06A /* TestAppdb */,
				1CCA294B2BA8E85000C9F06A /* TestAppdbTests */,
				1CCA29552BA8E85000C9F06A /* TestAppdbUITests */,
				1C93769D2BE94FEB0078D530 /* TestAppdb-TV */,
				1C9376AF2BE94FEC0078D530 /* TestAppdb-TVTests */,
				1C9376B92BE94FEC0078D530 /* TestAppdb-TVUITests */,
			);
		};
/* End PBXProject section */

/* Begin PBXResourcesBuildPhase section */
		1C93769C2BE94FEB0078D530 /* Resources */ = {
			isa = PBXResourcesBuildPhase;
			buildActionMask = 2147483647;
			files = (
				1C9376A82BE94FEC0078D530 /* Assets.xcassets in Resources */,
				1C9376AB2BE94FEC0078D530 /* Base in Resources */,
				1C9376A62BE94FEB0078D530 /* Base in Resources */,
			);
			runOnlyForDeploymentPostprocessing = 0;
		};
		1C9376AE2BE94FEC0078D530 /* Resources */ = {
			isa = PBXResourcesBuildPhase;
			buildActionMask = 2147483647;
			files = (
			);
			runOnlyForDeploymentPostprocessing = 0;
		};
		1C9376B82BE94FEC0078D530 /* Resources */ = {
			isa = PBXResourcesBuildPhase;
			buildActionMask = 2147483647;
			files = (
			);
			runOnlyForDeploymentPostprocessing = 0;
		};
		1CCA29342BA8E84F00C9F06A /* Resources */ = {
			isa = PBXResourcesBuildPhase;
			buildActionMask = 2147483647;
			files = (
				1C492B232BD990EC0062E5A4 /* Settings.bundle in Resources */,
				1CCA29432BA8E85000C9F06A /* Assets.xcassets in Resources */,
				1CCA29462BA8E85000C9F06A /* Base in Resources */,
				1CCA29412BA8E84F00C9F06A /* Base in Resources */,
			);
			runOnlyForDeploymentPostprocessing = 0;
		};
		1CCA294A2BA8E85000C9F06A /* Resources */ = {
			isa = PBXResourcesBuildPhase;
			buildActionMask = 2147483647;
			files = (
			);
			runOnlyForDeploymentPostprocessing = 0;
		};
		1CCA29542BA8E85000C9F06A /* Resources */ = {
			isa = PBXResourcesBuildPhase;
			buildActionMask = 2147483647;
			files = (
			);
			runOnlyForDeploymentPostprocessing = 0;
		};
/* End PBXResourcesBuildPhase section */

/* Begin PBXSourcesBuildPhase section */
		1C93769A2BE94FEB0078D530 /* Sources */ = {
			isa = PBXSourcesBuildPhase;
			buildActionMask = 2147483647;
			files = (
				1C9376A32BE94FEB0078D530 /* ViewController.swift in Sources */,
				1C9376A12BE94FEB0078D530 /* AppDelegate.swift in Sources */,
			);
			runOnlyForDeploymentPostprocessing = 0;
		};
		1C9376AC2BE94FEC0078D530 /* Sources */ = {
			isa = PBXSourcesBuildPhase;
			buildActionMask = 2147483647;
			files = (
				1C9376B52BE94FEC0078D530 /* TestAppdb_TVTests.swift in Sources */,
			);
			runOnlyForDeploymentPostprocessing = 0;
		};
		1C9376B62BE94FEC0078D530 /* Sources */ = {
			isa = PBXSourcesBuildPhase;
			buildActionMask = 2147483647;
			files = (
				1C9376C12BE94FEC0078D530 /* TestAppdb_TVUITestsLaunchTests.swift in Sources */,
				1C9376BF2BE94FEC0078D530 /* TestAppdb_TVUITests.swift in Sources */,
			);
			runOnlyForDeploymentPostprocessing = 0;
		};
		1CCA29322BA8E84F00C9F06A /* Sources */ = {
			isa = PBXSourcesBuildPhase;
			buildActionMask = 2147483647;
			files = (
				1C107EE72BCF1E3000BBCA86 /* KeychainService.swift in Sources */,
				1C303A2C2BDFB4220078FEBA /* SecuredValueStorageRepository.swift in Sources */,
				1CCA293E2BA8E84F00C9F06A /* ViewController.swift in Sources */,
				1CCA293A2BA8E84F00C9F06A /* AppDelegate.swift in Sources */,
				1CCA293C2BA8E84F00C9F06A /* SceneDelegate.swift in Sources */,
			);
			runOnlyForDeploymentPostprocessing = 0;
		};
		1CCA29482BA8E85000C9F06A /* Sources */ = {
			isa = PBXSourcesBuildPhase;
			buildActionMask = 2147483647;
			files = (
				1CCA29512BA8E85000C9F06A /* TestAppdbTests.swift in Sources */,
			);
			runOnlyForDeploymentPostprocessing = 0;
		};
		1CCA29522BA8E85000C9F06A /* Sources */ = {
			isa = PBXSourcesBuildPhase;
			buildActionMask = 2147483647;
			files = (
				1CCA295D2BA8E85000C9F06A /* TestAppdbUITestsLaunchTests.swift in Sources */,
				1CCA295B2BA8E85000C9F06A /* TestAppdbUITests.swift in Sources */,
			);
			runOnlyForDeploymentPostprocessing = 0;
		};
/* End PBXSourcesBuildPhase section */

/* Begin PBXTargetDependency section */
		1C9376B22BE94FEC0078D530 /* PBXTargetDependency */ = {
			isa = PBXTargetDependency;
			target = 1C93769D2BE94FEB0078D530 /* TestAppdb-TV */;
			targetProxy = 1C9376B12BE94FEC0078D530 /* PBXContainerItemProxy */;
		};
		1C9376BC2BE94FEC0078D530 /* PBXTargetDependency */ = {
			isa = PBXTargetDependency;
			target = 1C93769D2BE94FEB0078D530 /* TestAppdb-TV */;
			targetProxy = 1C9376BB2BE94FEC0078D530 /* PBXContainerItemProxy */;
		};
		1CCA294E2BA8E85000C9F06A /* PBXTargetDependency */ = {
			isa = PBXTargetDependency;
			target = 1CCA29352BA8E84F00C9F06A /* TestAppdb */;
			targetProxy = 1CCA294D2BA8E85000C9F06A /* PBXContainerItemProxy */;
		};
		1CCA29582BA8E85000C9F06A /* PBXTargetDependency */ = {
			isa = PBXTargetDependency;
			target = 1CCA29352BA8E84F00C9F06A /* TestAppdb */;
			targetProxy = 1CCA29572BA8E85000C9F06A /* PBXContainerItemProxy */;
		};
/* End PBXTargetDependency section */

/* Begin PBXVariantGroup section */
		1C9376A42BE94FEB0078D530 /* Main.storyboard */ = {
			isa = PBXVariantGroup;
			children = (
				1C9376A52BE94FEB0078D530 /* Base */,
			);
			name = Main.storyboard;
			sourceTree = "<group>";
		};
		1C9376A92BE94FEC0078D530 /* LaunchScreen.storyboard */ = {
			isa = PBXVariantGroup;
			children = (
				1C9376AA2BE94FEC0078D530 /* Base */,
			);
			name = LaunchScreen.storyboard;
			sourceTree = "<group>";
		};
		1CCA293F2BA8E84F00C9F06A /* Main.storyboard */ = {
			isa = PBXVariantGroup;
			children = (
				1CCA29402BA8E84F00C9F06A /* Base */,
			);
			name = Main.storyboard;
			sourceTree = "<group>";
		};
		1CCA29442BA8E85000C9F06A /* LaunchScreen.storyboard */ = {
			isa = PBXVariantGroup;
			children = (
				1CCA29452BA8E85000C9F06A /* Base */,
			);
			name = LaunchScreen.storyboard;
			sourceTree = "<group>";
		};
/* End PBXVariantGroup section */

/* Begin XCBuildConfiguration section */
		1C9376C22BE94FEC0078D530 /* Debug */ = {
			isa = XCBuildConfiguration;
			buildSettings = {
				ASSETCATALOG_COMPILER_APPICON_NAME = "App Icon & Top Shelf Image";
				ASSETCATALOG_COMPILER_GLOBAL_ACCENT_COLOR_NAME = AccentColor;
				CODE_SIGN_STYLE = Automatic;
				CURRENT_PROJECT_VERSION = 103;
				GENERATE_INFOPLIST_FILE = YES;
				INFOPLIST_KEY_UILaunchStoryboardName = LaunchScreen;
				INFOPLIST_KEY_UIMainStoryboardFile = Main;
				INFOPLIST_KEY_UIUserInterfaceStyle = Automatic;
				LD_RUNPATH_SEARCH_PATHS = (
					"$(inherited)",
					"@executable_path/Frameworks",
				);
				MARKETING_VERSION = 1.0.85;
				PRODUCT_BUNDLE_IDENTIFIER = "to.appdb.TestAppdb-TV";
				PRODUCT_NAME = "$(TARGET_NAME)";
				SDKROOT = appletvos;
				SWIFT_EMIT_LOC_STRINGS = YES;
				SWIFT_VERSION = 5.0;
				TARGETED_DEVICE_FAMILY = 3;
			};
			name = Debug;
		};
		1C9376C32BE94FEC0078D530 /* Release */ = {
			isa = XCBuildConfiguration;
			buildSettings = {
				ASSETCATALOG_COMPILER_APPICON_NAME = "App Icon & Top Shelf Image";
				ASSETCATALOG_COMPILER_GLOBAL_ACCENT_COLOR_NAME = AccentColor;
				CODE_SIGN_STYLE = Automatic;
				CURRENT_PROJECT_VERSION = 103;
				GENERATE_INFOPLIST_FILE = YES;
				INFOPLIST_KEY_UILaunchStoryboardName = LaunchScreen;
				INFOPLIST_KEY_UIMainStoryboardFile = Main;
				INFOPLIST_KEY_UIUserInterfaceStyle = Automatic;
				LD_RUNPATH_SEARCH_PATHS = (
					"$(inherited)",
					"@executable_path/Frameworks",
				);
				MARKETING_VERSION = 1.0.85;
				PRODUCT_BUNDLE_IDENTIFIER = "to.appdb.TestAppdb-TV";
				PRODUCT_NAME = "$(TARGET_NAME)";
				SDKROOT = appletvos;
				SWIFT_EMIT_LOC_STRINGS = YES;
				SWIFT_VERSION = 5.0;
				TARGETED_DEVICE_FAMILY = 3;
			};
			name = Release;
		};
		1C9376C42BE94FEC0078D530 /* Debug */ = {
			isa = XCBuildConfiguration;
			buildSettings = {
				ALWAYS_EMBED_SWIFT_STANDARD_LIBRARIES = YES;
				BUNDLE_LOADER = "$(TEST_HOST)";
				CODE_SIGN_STYLE = Automatic;
				CURRENT_PROJECT_VERSION = 103;
				GENERATE_INFOPLIST_FILE = YES;
				MARKETING_VERSION = 1.0.85;
				PRODUCT_BUNDLE_IDENTIFIER = "to.appdb.TestAppdb-TVTests";
				PRODUCT_NAME = "$(TARGET_NAME)";
				SDKROOT = appletvos;
				SWIFT_EMIT_LOC_STRINGS = NO;
				SWIFT_VERSION = 5.0;
				TARGETED_DEVICE_FAMILY = 3;
				TEST_HOST = "$(BUILT_PRODUCTS_DIR)/TestAppdb-TV.app/$(BUNDLE_EXECUTABLE_FOLDER_PATH)/TestAppdb-TV";
			};
			name = Debug;
		};
		1C9376C52BE94FEC0078D530 /* Release */ = {
			isa = XCBuildConfiguration;
			buildSettings = {
				ALWAYS_EMBED_SWIFT_STANDARD_LIBRARIES = YES;
				BUNDLE_LOADER = "$(TEST_HOST)";
				CODE_SIGN_STYLE = Automatic;
				CURRENT_PROJECT_VERSION = 103;
				GENERATE_INFOPLIST_FILE = YES;
				MARKETING_VERSION = 1.0.85;
				PRODUCT_BUNDLE_IDENTIFIER = "to.appdb.TestAppdb-TVTests";
				PRODUCT_NAME = "$(TARGET_NAME)";
				SDKROOT = appletvos;
				SWIFT_EMIT_LOC_STRINGS = NO;
				SWIFT_VERSION = 5.0;
				TARGETED_DEVICE_FAMILY = 3;
				TEST_HOST = "$(BUILT_PRODUCTS_DIR)/TestAppdb-TV.app/$(BUNDLE_EXECUTABLE_FOLDER_PATH)/TestAppdb-TV";
			};
			name = Release;
		};
		1C9376C62BE94FEC0078D530 /* Debug */ = {
			isa = XCBuildConfiguration;
			buildSettings = {
				ALWAYS_EMBED_SWIFT_STANDARD_LIBRARIES = YES;
				CODE_SIGN_STYLE = Automatic;
				CURRENT_PROJECT_VERSION = 103;
				GENERATE_INFOPLIST_FILE = YES;
				MARKETING_VERSION = 1.0.85;
				PRODUCT_BUNDLE_IDENTIFIER = "to.appdb.TestAppdb-TVUITests";
				PRODUCT_NAME = "$(TARGET_NAME)";
				SDKROOT = appletvos;
				SWIFT_EMIT_LOC_STRINGS = NO;
				SWIFT_VERSION = 5.0;
				TARGETED_DEVICE_FAMILY = 3;
				TEST_TARGET_NAME = "TestAppdb-TV";
			};
			name = Debug;
		};
		1C9376C72BE94FEC0078D530 /* Release */ = {
			isa = XCBuildConfiguration;
			buildSettings = {
				ALWAYS_EMBED_SWIFT_STANDARD_LIBRARIES = YES;
				CODE_SIGN_STYLE = Automatic;
				CURRENT_PROJECT_VERSION = 103;
				GENERATE_INFOPLIST_FILE = YES;
				MARKETING_VERSION = 1.0.85;
				PRODUCT_BUNDLE_IDENTIFIER = "to.appdb.TestAppdb-TVUITests";
				PRODUCT_NAME = "$(TARGET_NAME)";
				SDKROOT = appletvos;
				SWIFT_EMIT_LOC_STRINGS = NO;
				SWIFT_VERSION = 5.0;
				TARGETED_DEVICE_FAMILY = 3;
				TEST_TARGET_NAME = "TestAppdb-TV";
			};
			name = Release;
		};
		1CCA295E2BA8E85000C9F06A /* Debug */ = {
			isa = XCBuildConfiguration;
			buildSettings = {
				ALWAYS_SEARCH_USER_PATHS = NO;
				ASSETCATALOG_COMPILER_GENERATE_SWIFT_ASSET_SYMBOL_EXTENSIONS = YES;
				CLANG_ANALYZER_NONNULL = YES;
				CLANG_ANALYZER_NUMBER_OBJECT_CONVERSION = YES_AGGRESSIVE;
				CLANG_CXX_LANGUAGE_STANDARD = "gnu++20";
				CLANG_ENABLE_MODULES = YES;
				CLANG_ENABLE_OBJC_ARC = YES;
				CLANG_ENABLE_OBJC_WEAK = YES;
				CLANG_WARN_BLOCK_CAPTURE_AUTORELEASING = YES;
				CLANG_WARN_BOOL_CONVERSION = YES;
				CLANG_WARN_COMMA = YES;
				CLANG_WARN_CONSTANT_CONVERSION = YES;
				CLANG_WARN_DEPRECATED_OBJC_IMPLEMENTATIONS = YES;
				CLANG_WARN_DIRECT_OBJC_ISA_USAGE = YES_ERROR;
				CLANG_WARN_DOCUMENTATION_COMMENTS = YES;
				CLANG_WARN_EMPTY_BODY = YES;
				CLANG_WARN_ENUM_CONVERSION = YES;
				CLANG_WARN_INFINITE_RECURSION = YES;
				CLANG_WARN_INT_CONVERSION = YES;
				CLANG_WARN_NON_LITERAL_NULL_CONVERSION = YES;
				CLANG_WARN_OBJC_IMPLICIT_RETAIN_SELF = YES;
				CLANG_WARN_OBJC_LITERAL_CONVERSION = YES;
				CLANG_WARN_OBJC_ROOT_CLASS = YES_ERROR;
				CLANG_WARN_QUOTED_INCLUDE_IN_FRAMEWORK_HEADER = YES;
				CLANG_WARN_RANGE_LOOP_ANALYSIS = YES;
				CLANG_WARN_STRICT_PROTOTYPES = YES;
				CLANG_WARN_SUSPICIOUS_MOVE = YES;
				CLANG_WARN_UNGUARDED_AVAILABILITY = YES_AGGRESSIVE;
				CLANG_WARN_UNREACHABLE_CODE = YES;
				CLANG_WARN__DUPLICATE_METHOD_MATCH = YES;
				COPY_PHASE_STRIP = NO;
				DEBUG_INFORMATION_FORMAT = dwarf;
				ENABLE_STRICT_OBJC_MSGSEND = YES;
				ENABLE_TESTABILITY = YES;
				ENABLE_USER_SCRIPT_SANDBOXING = YES;
				GCC_C_LANGUAGE_STANDARD = gnu17;
				GCC_DYNAMIC_NO_PIC = NO;
				GCC_NO_COMMON_BLOCKS = YES;
				GCC_OPTIMIZATION_LEVEL = 0;
				GCC_PREPROCESSOR_DEFINITIONS = (
					"DEBUG=1",
					"$(inherited)",
				);
				GCC_WARN_64_TO_32_BIT_CONVERSION = YES;
				GCC_WARN_ABOUT_RETURN_TYPE = YES_ERROR;
				GCC_WARN_UNDECLARED_SELECTOR = YES;
				GCC_WARN_UNINITIALIZED_AUTOS = YES_AGGRESSIVE;
				GCC_WARN_UNUSED_FUNCTION = YES;
				GCC_WARN_UNUSED_VARIABLE = YES;
				IPHONEOS_DEPLOYMENT_TARGET = 15.0;
				LOCALIZATION_PREFERS_STRING_CATALOGS = YES;
				MTL_ENABLE_DEBUG_INFO = INCLUDE_SOURCE;
				MTL_FAST_MATH = YES;
				ONLY_ACTIVE_ARCH = YES;
				SDKROOT = iphoneos;
				SWIFT_ACTIVE_COMPILATION_CONDITIONS = "DEBUG $(inherited)";
				SWIFT_OPTIMIZATION_LEVEL = "-Onone";
				TVOS_DEPLOYMENT_TARGET = 15.0;
			};
			name = Debug;
		};
		1CCA295F2BA8E85000C9F06A /* Release */ = {
			isa = XCBuildConfiguration;
			buildSettings = {
				ALWAYS_SEARCH_USER_PATHS = NO;
				ASSETCATALOG_COMPILER_GENERATE_SWIFT_ASSET_SYMBOL_EXTENSIONS = YES;
				CLANG_ANALYZER_NONNULL = YES;
				CLANG_ANALYZER_NUMBER_OBJECT_CONVERSION = YES_AGGRESSIVE;
				CLANG_CXX_LANGUAGE_STANDARD = "gnu++20";
				CLANG_ENABLE_MODULES = YES;
				CLANG_ENABLE_OBJC_ARC = YES;
				CLANG_ENABLE_OBJC_WEAK = YES;
				CLANG_WARN_BLOCK_CAPTURE_AUTORELEASING = YES;
				CLANG_WARN_BOOL_CONVERSION = YES;
				CLANG_WARN_COMMA = YES;
				CLANG_WARN_CONSTANT_CONVERSION = YES;
				CLANG_WARN_DEPRECATED_OBJC_IMPLEMENTATIONS = YES;
				CLANG_WARN_DIRECT_OBJC_ISA_USAGE = YES_ERROR;
				CLANG_WARN_DOCUMENTATION_COMMENTS = YES;
				CLANG_WARN_EMPTY_BODY = YES;
				CLANG_WARN_ENUM_CONVERSION = YES;
				CLANG_WARN_INFINITE_RECURSION = YES;
				CLANG_WARN_INT_CONVERSION = YES;
				CLANG_WARN_NON_LITERAL_NULL_CONVERSION = YES;
				CLANG_WARN_OBJC_IMPLICIT_RETAIN_SELF = YES;
				CLANG_WARN_OBJC_LITERAL_CONVERSION = YES;
				CLANG_WARN_OBJC_ROOT_CLASS = YES_ERROR;
				CLANG_WARN_QUOTED_INCLUDE_IN_FRAMEWORK_HEADER = YES;
				CLANG_WARN_RANGE_LOOP_ANALYSIS = YES;
				CLANG_WARN_STRICT_PROTOTYPES = YES;
				CLANG_WARN_SUSPICIOUS_MOVE = YES;
				CLANG_WARN_UNGUARDED_AVAILABILITY = YES_AGGRESSIVE;
				CLANG_WARN_UNREACHABLE_CODE = YES;
				CLANG_WARN__DUPLICATE_METHOD_MATCH = YES;
				COPY_PHASE_STRIP = NO;
				DEBUG_INFORMATION_FORMAT = "dwarf-with-dsym";
				ENABLE_NS_ASSERTIONS = NO;
				ENABLE_STRICT_OBJC_MSGSEND = YES;
				ENABLE_USER_SCRIPT_SANDBOXING = YES;
				GCC_C_LANGUAGE_STANDARD = gnu17;
				GCC_NO_COMMON_BLOCKS = YES;
				GCC_WARN_64_TO_32_BIT_CONVERSION = YES;
				GCC_WARN_ABOUT_RETURN_TYPE = YES_ERROR;
				GCC_WARN_UNDECLARED_SELECTOR = YES;
				GCC_WARN_UNINITIALIZED_AUTOS = YES_AGGRESSIVE;
				GCC_WARN_UNUSED_FUNCTION = YES;
				GCC_WARN_UNUSED_VARIABLE = YES;
				IPHONEOS_DEPLOYMENT_TARGET = 15.0;
				LOCALIZATION_PREFERS_STRING_CATALOGS = YES;
				MTL_ENABLE_DEBUG_INFO = NO;
				MTL_FAST_MATH = YES;
				SDKROOT = iphoneos;
				SWIFT_COMPILATION_MODE = wholemodule;
				TVOS_DEPLOYMENT_TARGET = 15.0;
				VALIDATE_PRODUCT = YES;
			};
			name = Release;
		};
		1CCA29612BA8E85000C9F06A /* Debug */ = {
			isa = XCBuildConfiguration;
			buildSettings = {
				ASSETCATALOG_COMPILER_APPICON_NAME = AppIcon;
				ASSETCATALOG_COMPILER_GLOBAL_ACCENT_COLOR_NAME = AccentColor;
				CODE_SIGN_ENTITLEMENTS = TestAppdb/TestAppdb_Dev.entitlements;
				CODE_SIGN_STYLE = Automatic;
				CURRENT_PROJECT_VERSION = 103;
				DEVELOPMENT_TEAM = "";
				GENERATE_INFOPLIST_FILE = YES;
				INFOPLIST_FILE = TestAppdb/Info.plist;
				INFOPLIST_KEY_CFBundleDisplayName = "Appdb Services";
				INFOPLIST_KEY_UIApplicationSupportsIndirectInputEvents = YES;
				INFOPLIST_KEY_UILaunchStoryboardName = LaunchScreen;
				INFOPLIST_KEY_UIMainStoryboardFile = Main;
				INFOPLIST_KEY_UISupportedInterfaceOrientations_iPad = "UIInterfaceOrientationPortrait UIInterfaceOrientationPortraitUpsideDown UIInterfaceOrientationLandscapeLeft UIInterfaceOrientationLandscapeRight";
				INFOPLIST_KEY_UISupportedInterfaceOrientations_iPhone = "UIInterfaceOrientationPortrait UIInterfaceOrientationLandscapeLeft UIInterfaceOrientationLandscapeRight";
				LD_RUNPATH_SEARCH_PATHS = (
					"$(inherited)",
					"@executable_path/Frameworks",
				);
				MARKETING_VERSION = 1.0.85;
				PRODUCT_BUNDLE_IDENTIFIER = en.cooler.TestAppdb;
				PRODUCT_NAME = "$(TARGET_NAME)";
				SWIFT_EMIT_LOC_STRINGS = YES;
				SWIFT_VERSION = 5.0;
				TARGETED_DEVICE_FAMILY = "1,2";
			};
			name = Debug;
		};
		1CCA29622BA8E85000C9F06A /* Release */ = {
			isa = XCBuildConfiguration;
			buildSettings = {
				ASSETCATALOG_COMPILER_APPICON_NAME = AppIcon;
				ASSETCATALOG_COMPILER_GLOBAL_ACCENT_COLOR_NAME = AccentColor;
				CODE_SIGN_ENTITLEMENTS = TestAppdb/TestAppdb_Prod.entitlements;
				CODE_SIGN_STYLE = Automatic;
				CURRENT_PROJECT_VERSION = 103;
				DEVELOPMENT_TEAM = "";
				GENERATE_INFOPLIST_FILE = YES;
				INFOPLIST_FILE = TestAppdb/Info.plist;
				INFOPLIST_KEY_CFBundleDisplayName = "Appdb Services";
				INFOPLIST_KEY_UIApplicationSupportsIndirectInputEvents = YES;
				INFOPLIST_KEY_UILaunchStoryboardName = LaunchScreen;
				INFOPLIST_KEY_UIMainStoryboardFile = Main;
				INFOPLIST_KEY_UISupportedInterfaceOrientations_iPad = "UIInterfaceOrientationPortrait UIInterfaceOrientationPortraitUpsideDown UIInterfaceOrientationLandscapeLeft UIInterfaceOrientationLandscapeRight";
				INFOPLIST_KEY_UISupportedInterfaceOrientations_iPhone = "UIInterfaceOrientationPortrait UIInterfaceOrientationLandscapeLeft UIInterfaceOrientationLandscapeRight";
				LD_RUNPATH_SEARCH_PATHS = (
					"$(inherited)",
					"@executable_path/Frameworks",
				);
				MARKETING_VERSION = 1.0.85;
				PRODUCT_BUNDLE_IDENTIFIER = en.cooler.TestAppdb;
				PRODUCT_NAME = "$(TARGET_NAME)";
				SWIFT_EMIT_LOC_STRINGS = YES;
				SWIFT_VERSION = 5.0;
				TARGETED_DEVICE_FAMILY = "1,2";
			};
			name = Release;
		};
		1CCA29642BA8E85000C9F06A /* Debug */ = {
			isa = XCBuildConfiguration;
			buildSettings = {
				ALWAYS_EMBED_SWIFT_STANDARD_LIBRARIES = YES;
				BUNDLE_LOADER = "$(TEST_HOST)";
				CODE_SIGN_STYLE = Automatic;
				CURRENT_PROJECT_VERSION = 103;
				DEVELOPMENT_TEAM = A2SY882DX2;
				GENERATE_INFOPLIST_FILE = YES;
				MARKETING_VERSION = 1.0.85;
				PRODUCT_BUNDLE_IDENTIFIER = en.cooler.TestAppdbTests;
				PRODUCT_NAME = "$(TARGET_NAME)";
				SWIFT_EMIT_LOC_STRINGS = NO;
				SWIFT_VERSION = 5.0;
				TARGETED_DEVICE_FAMILY = "1,2";
				TEST_HOST = "$(BUILT_PRODUCTS_DIR)/TestAppdb.app/$(BUNDLE_EXECUTABLE_FOLDER_PATH)/TestAppdb";
			};
			name = Debug;
		};
		1CCA29652BA8E85000C9F06A /* Release */ = {
			isa = XCBuildConfiguration;
			buildSettings = {
				ALWAYS_EMBED_SWIFT_STANDARD_LIBRARIES = YES;
				BUNDLE_LOADER = "$(TEST_HOST)";
				CODE_SIGN_STYLE = Automatic;
				CURRENT_PROJECT_VERSION = 103;
				DEVELOPMENT_TEAM = A2SY882DX2;
				GENERATE_INFOPLIST_FILE = YES;
				MARKETING_VERSION = 1.0.85;
				PRODUCT_BUNDLE_IDENTIFIER = en.cooler.TestAppdbTests;
				PRODUCT_NAME = "$(TARGET_NAME)";
				SWIFT_EMIT_LOC_STRINGS = NO;
				SWIFT_VERSION = 5.0;
				TARGETED_DEVICE_FAMILY = "1,2";
				TEST_HOST = "$(BUILT_PRODUCTS_DIR)/TestAppdb.app/$(BUNDLE_EXECUTABLE_FOLDER_PATH)/TestAppdb";
			};
			name = Release;
		};
		1CCA29672BA8E85000C9F06A /* Debug */ = {
			isa = XCBuildConfiguration;
			buildSettings = {
				ALWAYS_EMBED_SWIFT_STANDARD_LIBRARIES = YES;
				CODE_SIGN_STYLE = Automatic;
				CURRENT_PROJECT_VERSION = 103;
				DEVELOPMENT_TEAM = A2SY882DX2;
				GENERATE_INFOPLIST_FILE = YES;
				MARKETING_VERSION = 1.0.85;
				PRODUCT_BUNDLE_IDENTIFIER = en.cooler.TestAppdbUITests;
				PRODUCT_NAME = "$(TARGET_NAME)";
				SWIFT_EMIT_LOC_STRINGS = NO;
				SWIFT_VERSION = 5.0;
				TARGETED_DEVICE_FAMILY = "1,2";
				TEST_TARGET_NAME = TestAppdb;
			};
			name = Debug;
		};
		1CCA29682BA8E85000C9F06A /* Release */ = {
			isa = XCBuildConfiguration;
			buildSettings = {
				ALWAYS_EMBED_SWIFT_STANDARD_LIBRARIES = YES;
				CODE_SIGN_STYLE = Automatic;
				CURRENT_PROJECT_VERSION = 103;
				DEVELOPMENT_TEAM = A2SY882DX2;
				GENERATE_INFOPLIST_FILE = YES;
				MARKETING_VERSION = 1.0.85;
				PRODUCT_BUNDLE_IDENTIFIER = en.cooler.TestAppdbUITests;
				PRODUCT_NAME = "$(TARGET_NAME)";
				SWIFT_EMIT_LOC_STRINGS = NO;
				SWIFT_VERSION = 5.0;
				TARGETED_DEVICE_FAMILY = "1,2";
				TEST_TARGET_NAME = TestAppdb;
			};
			name = Release;
		};
/* End XCBuildConfiguration section */

/* Begin XCConfigurationList section */
		1C9376C82BE94FEC0078D530 /* Build configuration list for PBXNativeTarget "TestAppdb-TV" */ = {
			isa = XCConfigurationList;
			buildConfigurations = (
				1C9376C22BE94FEC0078D530 /* Debug */,
				1C9376C32BE94FEC0078D530 /* Release */,
			);
			defaultConfigurationIsVisible = 0;
			defaultConfigurationName = Release;
		};
		1C9376C92BE94FEC0078D530 /* Build configuration list for PBXNativeTarget "TestAppdb-TVTests" */ = {
			isa = XCConfigurationList;
			buildConfigurations = (
				1C9376C42BE94FEC0078D530 /* Debug */,
				1C9376C52BE94FEC0078D530 /* Release */,
			);
			defaultConfigurationIsVisible = 0;
			defaultConfigurationName = Release;
		};
		1C9376CA2BE94FEC0078D530 /* Build configuration list for PBXNativeTarget "TestAppdb-TVUITests" */ = {
			isa = XCConfigurationList;
			buildConfigurations = (
				1C9376C62BE94FEC0078D530 /* Debug */,
				1C9376C72BE94FEC0078D530 /* Release */,
			);
			defaultConfigurationIsVisible = 0;
			defaultConfigurationName = Release;
		};
		1CCA29312BA8E84F00C9F06A /* Build configuration list for PBXProject "TestAppdb" */ = {
			isa = XCConfigurationList;
			buildConfigurations = (
				1CCA295E2BA8E85000C9F06A /* Debug */,
				1CCA295F2BA8E85000C9F06A /* Release */,
			);
			defaultConfigurationIsVisible = 0;
			defaultConfigurationName = Release;
		};
		1CCA29602BA8E85000C9F06A /* Build configuration list for PBXNativeTarget "TestAppdb" */ = {
			isa = XCConfigurationList;
			buildConfigurations = (
				1CCA29612BA8E85000C9F06A /* Debug */,
				1CCA29622BA8E85000C9F06A /* Release */,
			);
			defaultConfigurationIsVisible = 0;
			defaultConfigurationName = Release;
		};
		1CCA29632BA8E85000C9F06A /* Build configuration list for PBXNativeTarget "TestAppdbTests" */ = {
			isa = XCConfigurationList;
			buildConfigurations = (
				1CCA29642BA8E85000C9F06A /* Debug */,
				1CCA29652BA8E85000C9F06A /* Release */,
			);
			defaultConfigurationIsVisible = 0;
			defaultConfigurationName = Release;
		};
		1CCA29662BA8E85000C9F06A /* Build configuration list for PBXNativeTarget "TestAppdbUITests" */ = {
			isa = XCConfigurationList;
			buildConfigurations = (
				1CCA29672BA8E85000C9F06A /* Debug */,
				1CCA29682BA8E85000C9F06A /* Release */,
			);
			defaultConfigurationIsVisible = 0;
			defaultConfigurationName = Release;
		};
/* End XCConfigurationList section */

/* Begin XCRemoteSwiftPackageReference section */
		88803C612BEB5453000870C3 /* XCRemoteSwiftPackageReference "AppdbSDK" */ = {
			isa = XCRemoteSwiftPackageReference;
			repositoryURL = "https://github.com/appdb-official/AppdbSDK";
			requirement = {
				kind = upToNextMajorVersion;
				minimumVersion = 1.4.0;
			};
		};
/* End XCRemoteSwiftPackageReference section */

/* Begin XCSwiftPackageProductDependency section */
		1CF338C62BE42B4A00EB1C39 /* AppdbFramework */ = {
			isa = XCSwiftPackageProductDependency;
			productName = AppdbFramework;
		};
		88803C5F2BEB5434000870C3 /* AppdbFramework */ = {
			isa = XCSwiftPackageProductDependency;
			productName = AppdbFramework;
		};
		88803C622BEB5453000870C3 /* AppdbFramework */ = {
			isa = XCSwiftPackageProductDependency;
			package = 88803C612BEB5453000870C3 /* XCRemoteSwiftPackageReference "AppdbSDK" */;
			productName = AppdbFramework;
		};
		88803C642BEB5462000870C3 /* AppdbFramework */ = {
			isa = XCSwiftPackageProductDependency;
			package = 88803C612BEB5453000870C3 /* XCRemoteSwiftPackageReference "AppdbSDK" */;
			productName = AppdbFramework;
		};
/* End XCSwiftPackageProductDependency section */
	};
	rootObject = 1CCA292E2BA8E84F00C9F06A /* Project object */;
}
